
Microsoft Visual Studio Solution File, Format Version 12.00
# Visual Studio 15
VisualStudioVersion = 15.0.28307.572
MinimumVisualStudioVersion = 10.0.40219.1
Project("{FAE04EC0-301F-11D3-BF4B-00C04F79EFBC}") = "HomeWork-5_6_2019", "HomeWork-5_6_2019\HomeWork-5_6_2019.csproj", "{3774EE3C-5881-41DA-9F2B-0264BE8BA18A}"
EndProject
Project("{FAE04EC0-301F-11D3-BF4B-00C04F79EFBC}") = "HomeWork-5_6_2019.Data", "HomeWork-5_6_2019.Data\HomeWork-5_6_2019.Data.csproj", "{C6318C7D-B634-4B58-832B-1A4AC30B67D6}"
EndProject
Global
	GlobalSection(SolutionConfigurationPlatforms) = preSolution
		Debug|Any CPU = Debug|Any CPU
		Release|Any CPU = Release|Any CPU
	EndGlobalSection
	GlobalSection(ProjectConfigurationPlatforms) = postSolution
		{3774EE3C-5881-41DA-9F2B-0264BE8BA18A}.Debug|Any CPU.ActiveCfg = Debug|Any CPU
		{3774EE3C-5881-41DA-9F2B-0264BE8BA18A}.Debug|Any CPU.Build.0 = Debug|Any CPU
		{3774EE3C-5881-41DA-9F2B-0264BE8BA18A}.Release|Any CPU.ActiveCfg = Release|Any CPU
		{3774EE3C-5881-41DA-9F2B-0264BE8BA18A}.Release|Any CPU.Build.0 = Release|Any CPU
		{C6318C7D-B634-4B58-832B-1A4AC30B67D6}.Debug|Any CPU.ActiveCfg = Debug|Any CPU
		{C6318C7D-B634-4B58-832B-1A4AC30B67D6}.Debug|Any CPU.Build.0 = Debug|Any CPU
		{C6318C7D-B634-4B58-832B-1A4AC30B67D6}.Release|Any CPU.ActiveCfg = Release|Any CPU
		{C6318C7D-B634-4B58-832B-1A4AC30B67D6}.Release|Any CPU.Build.0 = Release|Any CPU
	EndGlobalSection
	GlobalSection(SolutionProperties) = preSolution
		HideSolutionNode = FALSE
	EndGlobalSection
	GlobalSection(ExtensibilityGlobals) = postSolution
		SolutionGuid = {F7081DC1-1351-4CD1-A288-B9165FFF4F90}
	EndGlobalSection
EndGlobal
